
Microsoft Visual Studio Solution File, Format Version 12.00
# Visual Studio Version 17
VisualStudioVersion = 17.1.32127.271
MinimumVisualStudioVersion = 10.0.40219.1
Project("{9A19103F-16F7-4668-BE54-9A1E7A4F7556}") = "Stira.ImageLibrary.Wpf", "Stira.ImageLibrary.Wpf\Stira.ImageLibrary.Wpf.csproj", "{0F798F76-7584-497C-A3D7-BF6FEC911E20}"
EndProject
Project("{2150E333-8FDC-42A3-9474-1A3956D46DE8}") = "Docs", "Docs", "{A1F1B156-AE0B-46BD-AA4D-64E9A9441DFC}"
	ProjectSection(SolutionItems) = preProject
		README.md = README.md
	EndProjectSection
EndProject
Project("{9A19103F-16F7-4668-BE54-9A1E7A4F7556}") = "Stira.ImageLibrary.WpfTest", "Stira.ImageLibrary.WpfTest\Stira.ImageLibrary.WpfTest.csproj", "{E4808854-02E9-45A9-87D6-DC1F5819581A}"
EndProject
Project("{FAE04EC0-301F-11D3-BF4B-00C04F79EFBC}") = "ImageControlTest", "ImageControlTest\ImageControlTest.csproj", "{2A67040E-2512-4E82-A542-3CCFFD899E27}"
EndProject
Project("{9A19103F-16F7-4668-BE54-9A1E7A4F7556}") = "RtspPlayerControl", "..\Onvif\RtspPlayerControl\RtspPlayerControl.csproj", "{6BA08ADE-DDBF-4EEA-B7FC-EEDBD887A711}"
EndProject
Project("{9A19103F-16F7-4668-BE54-9A1E7A4F7556}") = "RtspClientSharp", "..\Onvif\RtspClientSharp\RtspClientSharp.csproj", "{86A26A6A-AA80-43F9-8867-9C8983CF3901}"
EndProject
Global
	GlobalSection(SolutionConfigurationPlatforms) = preSolution
		Debug|Any CPU = Debug|Any CPU
		Debug|x64 = Debug|x64
		Debug|x86 = Debug|x86
		Publish|Any CPU = Publish|Any CPU
		Publish|x64 = Publish|x64
		Publish|x86 = Publish|x86
		PublishOnLocal|Any CPU = PublishOnLocal|Any CPU
		PublishOnLocal|x64 = PublishOnLocal|x64
		PublishOnLocal|x86 = PublishOnLocal|x86
		Release|Any CPU = Release|Any CPU
		Release|x64 = Release|x64
		Release|x86 = Release|x86
	EndGlobalSection
	GlobalSection(ProjectConfigurationPlatforms) = postSolution
		{0F798F76-7584-497C-A3D7-BF6FEC911E20}.Debug|Any CPU.ActiveCfg = Debug|Any CPU
		{0F798F76-7584-497C-A3D7-BF6FEC911E20}.Debug|Any CPU.Build.0 = Debug|Any CPU
		{0F798F76-7584-497C-A3D7-BF6FEC911E20}.Debug|x64.ActiveCfg = Debug|Any CPU
		{0F798F76-7584-497C-A3D7-BF6FEC911E20}.Debug|x64.Build.0 = Debug|Any CPU
		{0F798F76-7584-497C-A3D7-BF6FEC911E20}.Debug|x86.ActiveCfg = Debug|Any CPU
		{0F798F76-7584-497C-A3D7-BF6FEC911E20}.Debug|x86.Build.0 = Debug|Any CPU
		{0F798F76-7584-497C-A3D7-BF6FEC911E20}.Publish|Any CPU.ActiveCfg = PublishOnLocal|Any CPU
		{0F798F76-7584-497C-A3D7-BF6FEC911E20}.Publish|Any CPU.Build.0 = PublishOnLocal|Any CPU
		{0F798F76-7584-497C-A3D7-BF6FEC911E20}.Publish|x64.ActiveCfg = PublishOnLocal|Any CPU
		{0F798F76-7584-497C-A3D7-BF6FEC911E20}.Publish|x64.Build.0 = PublishOnLocal|Any CPU
		{0F798F76-7584-497C-A3D7-BF6FEC911E20}.Publish|x86.ActiveCfg = PublishOnLocal|Any CPU
		{0F798F76-7584-497C-A3D7-BF6FEC911E20}.Publish|x86.Build.0 = PublishOnLocal|Any CPU
		{0F798F76-7584-497C-A3D7-BF6FEC911E20}.PublishOnLocal|Any CPU.ActiveCfg = PublishOnLocal|Any CPU
		{0F798F76-7584-497C-A3D7-BF6FEC911E20}.PublishOnLocal|Any CPU.Build.0 = PublishOnLocal|Any CPU
		{0F798F76-7584-497C-A3D7-BF6FEC911E20}.PublishOnLocal|x64.ActiveCfg = PublishOnLocal|Any CPU
		{0F798F76-7584-497C-A3D7-BF6FEC911E20}.PublishOnLocal|x64.Build.0 = PublishOnLocal|Any CPU
		{0F798F76-7584-497C-A3D7-BF6FEC911E20}.PublishOnLocal|x86.ActiveCfg = PublishOnLocal|Any CPU
		{0F798F76-7584-497C-A3D7-BF6FEC911E20}.PublishOnLocal|x86.Build.0 = PublishOnLocal|Any CPU
		{0F798F76-7584-497C-A3D7-BF6FEC911E20}.Release|Any CPU.ActiveCfg = Release|Any CPU
		{0F798F76-7584-497C-A3D7-BF6FEC911E20}.Release|Any CPU.Build.0 = Release|Any CPU
		{0F798F76-7584-497C-A3D7-BF6FEC911E20}.Release|x64.ActiveCfg = Release|Any CPU
		{0F798F76-7584-497C-A3D7-BF6FEC911E20}.Release|x64.Build.0 = Release|Any CPU
		{0F798F76-7584-497C-A3D7-BF6FEC911E20}.Release|x86.ActiveCfg = Release|Any CPU
		{0F798F76-7584-497C-A3D7-BF6FEC911E20}.Release|x86.Build.0 = Release|Any CPU
		{E4808854-02E9-45A9-87D6-DC1F5819581A}.Debug|Any CPU.ActiveCfg = Debug|Any CPU
		{E4808854-02E9-45A9-87D6-DC1F5819581A}.Debug|Any CPU.Build.0 = Debug|Any CPU
		{E4808854-02E9-45A9-87D6-DC1F5819581A}.Debug|x64.ActiveCfg = Debug|Any CPU
		{E4808854-02E9-45A9-87D6-DC1F5819581A}.Debug|x64.Build.0 = Debug|Any CPU
		{E4808854-02E9-45A9-87D6-DC1F5819581A}.Debug|x86.ActiveCfg = Debug|Any CPU
		{E4808854-02E9-45A9-87D6-DC1F5819581A}.Debug|x86.Build.0 = Debug|Any CPU
		{E4808854-02E9-45A9-87D6-DC1F5819581A}.Publish|Any CPU.ActiveCfg = Release|Any CPU
		{E4808854-02E9-45A9-87D6-DC1F5819581A}.Publish|Any CPU.Build.0 = Release|Any CPU
		{E4808854-02E9-45A9-87D6-DC1F5819581A}.Publish|x64.ActiveCfg = Release|Any CPU
		{E4808854-02E9-45A9-87D6-DC1F5819581A}.Publish|x64.Build.0 = Release|Any CPU
		{E4808854-02E9-45A9-87D6-DC1F5819581A}.Publish|x86.ActiveCfg = Release|Any CPU
		{E4808854-02E9-45A9-87D6-DC1F5819581A}.Publish|x86.Build.0 = Release|Any CPU
		{E4808854-02E9-45A9-87D6-DC1F5819581A}.PublishOnLocal|Any CPU.ActiveCfg = Release|Any CPU
		{E4808854-02E9-45A9-87D6-DC1F5819581A}.PublishOnLocal|Any CPU.Build.0 = Release|Any CPU
		{E4808854-02E9-45A9-87D6-DC1F5819581A}.PublishOnLocal|x64.ActiveCfg = Release|Any CPU
		{E4808854-02E9-45A9-87D6-DC1F5819581A}.PublishOnLocal|x64.Build.0 = Release|Any CPU
		{E4808854-02E9-45A9-87D6-DC1F5819581A}.PublishOnLocal|x86.ActiveCfg = Release|Any CPU
		{E4808854-02E9-45A9-87D6-DC1F5819581A}.PublishOnLocal|x86.Build.0 = Release|Any CPU
		{E4808854-02E9-45A9-87D6-DC1F5819581A}.Release|Any CPU.ActiveCfg = Release|Any CPU
		{E4808854-02E9-45A9-87D6-DC1F5819581A}.Release|Any CPU.Build.0 = Release|Any CPU
		{E4808854-02E9-45A9-87D6-DC1F5819581A}.Release|x64.ActiveCfg = Release|Any CPU
		{E4808854-02E9-45A9-87D6-DC1F5819581A}.Release|x64.Build.0 = Release|Any CPU
		{E4808854-02E9-45A9-87D6-DC1F5819581A}.Release|x86.ActiveCfg = Release|Any CPU
		{E4808854-02E9-45A9-87D6-DC1F5819581A}.Release|x86.Build.0 = Release|Any CPU
		{2A67040E-2512-4E82-A542-3CCFFD899E27}.Debug|Any CPU.ActiveCfg = Debug|Any CPU
		{2A67040E-2512-4E82-A542-3CCFFD899E27}.Debug|Any CPU.Build.0 = Debug|Any CPU
		{2A67040E-2512-4E82-A542-3CCFFD899E27}.Debug|x64.ActiveCfg = Debug|Any CPU
		{2A67040E-2512-4E82-A542-3CCFFD899E27}.Debug|x86.ActiveCfg = Debug|Any CPU
		{2A67040E-2512-4E82-A542-3CCFFD899E27}.Publish|Any CPU.ActiveCfg = Release|Any CPU
		{2A67040E-2512-4E82-A542-3CCFFD899E27}.Publish|x64.ActiveCfg = Release|Any CPU
		{2A67040E-2512-4E82-A542-3CCFFD899E27}.Publish|x86.ActiveCfg = Release|Any CPU
		{2A67040E-2512-4E82-A542-3CCFFD899E27}.PublishOnLocal|Any CPU.ActiveCfg = Debug|Any CPU
		{2A67040E-2512-4E82-A542-3CCFFD899E27}.PublishOnLocal|Any CPU.Build.0 = Debug|Any CPU
		{2A67040E-2512-4E82-A542-3CCFFD899E27}.PublishOnLocal|x64.ActiveCfg = Release|Any CPU
		{2A67040E-2512-4E82-A542-3CCFFD899E27}.PublishOnLocal|x86.ActiveCfg = Release|Any CPU
		{2A67040E-2512-4E82-A542-3CCFFD899E27}.Release|Any CPU.ActiveCfg = Release|Any CPU
		{2A67040E-2512-4E82-A542-3CCFFD899E27}.Release|Any CPU.Build.0 = Release|Any CPU
		{2A67040E-2512-4E82-A542-3CCFFD899E27}.Release|x64.ActiveCfg = Release|Any CPU
		{2A67040E-2512-4E82-A542-3CCFFD899E27}.Release|x86.ActiveCfg = Release|Any CPU
		{6BA08ADE-DDBF-4EEA-B7FC-EEDBD887A711}.Debug|Any CPU.ActiveCfg = Debug|Any CPU
		{6BA08ADE-DDBF-4EEA-B7FC-EEDBD887A711}.Debug|Any CPU.Build.0 = Debug|Any CPU
		{6BA08ADE-DDBF-4EEA-B7FC-EEDBD887A711}.Debug|x64.ActiveCfg = Debug|x64
		{6BA08ADE-DDBF-4EEA-B7FC-EEDBD887A711}.Debug|x64.Build.0 = Debug|x64
		{6BA08ADE-DDBF-4EEA-B7FC-EEDBD887A711}.Debug|x86.ActiveCfg = Debug|x86
		{6BA08ADE-DDBF-4EEA-B7FC-EEDBD887A711}.Debug|x86.Build.0 = Debug|x86
		{6BA08ADE-DDBF-4EEA-B7FC-EEDBD887A711}.Publish|Any CPU.ActiveCfg = Release|Any CPU
		{6BA08ADE-DDBF-4EEA-B7FC-EEDBD887A711}.Publish|Any CPU.Build.0 = Release|Any CPU
		{6BA08ADE-DDBF-4EEA-B7FC-EEDBD887A711}.Publish|x64.ActiveCfg = Release|x64
		{6BA08ADE-DDBF-4EEA-B7FC-EEDBD887A711}.Publish|x64.Build.0 = Release|x64
		{6BA08ADE-DDBF-4EEA-B7FC-EEDBD887A711}.Publish|x86.ActiveCfg = Release|x86
		{6BA08ADE-DDBF-4EEA-B7FC-EEDBD887A711}.Publish|x86.Build.0 = Release|x86
		{6BA08ADE-DDBF-4EEA-B7FC-EEDBD887A711}.PublishOnLocal|Any CPU.ActiveCfg = Debug|Any CPU
		{6BA08ADE-DDBF-4EEA-B7FC-EEDBD887A711}.PublishOnLocal|Any CPU.Build.0 = Debug|Any CPU
		{6BA08ADE-DDBF-4EEA-B7FC-EEDBD887A711}.PublishOnLocal|x64.ActiveCfg = Debug|x64
		{6BA08ADE-DDBF-4EEA-B7FC-EEDBD887A711}.PublishOnLocal|x64.Build.0 = Debug|x64
		{6BA08ADE-DDBF-4EEA-B7FC-EEDBD887A711}.PublishOnLocal|x86.ActiveCfg = Debug|x86
		{6BA08ADE-DDBF-4EEA-B7FC-EEDBD887A711}.PublishOnLocal|x86.Build.0 = Debug|x86
		{6BA08ADE-DDBF-4EEA-B7FC-EEDBD887A711}.Release|Any CPU.ActiveCfg = Release|Any CPU
		{6BA08ADE-DDBF-4EEA-B7FC-EEDBD887A711}.Release|Any CPU.Build.0 = Release|Any CPU
		{6BA08ADE-DDBF-4EEA-B7FC-EEDBD887A711}.Release|x64.ActiveCfg = Release|x64
		{6BA08ADE-DDBF-4EEA-B7FC-EEDBD887A711}.Release|x64.Build.0 = Release|x64
		{6BA08ADE-DDBF-4EEA-B7FC-EEDBD887A711}.Release|x86.ActiveCfg = Release|x86
		{6BA08ADE-DDBF-4EEA-B7FC-EEDBD887A711}.Release|x86.Build.0 = Release|x86
		{86A26A6A-AA80-43F9-8867-9C8983CF3901}.Debug|Any CPU.ActiveCfg = Debug|Any CPU
		{86A26A6A-AA80-43F9-8867-9C8983CF3901}.Debug|Any CPU.Build.0 = Debug|Any CPU
		{86A26A6A-AA80-43F9-8867-9C8983CF3901}.Debug|x64.ActiveCfg = Debug|x64
		{86A26A6A-AA80-43F9-8867-9C8983CF3901}.Debug|x64.Build.0 = Debug|x64
		{86A26A6A-AA80-43F9-8867-9C8983CF3901}.Debug|x86.ActiveCfg = Debug|x86
		{86A26A6A-AA80-43F9-8867-9C8983CF3901}.Debug|x86.Build.0 = Debug|x86
		{86A26A6A-AA80-43F9-8867-9C8983CF3901}.Publish|Any CPU.ActiveCfg = Publish|Any CPU
		{86A26A6A-AA80-43F9-8867-9C8983CF3901}.Publish|Any CPU.Build.0 = Publish|Any CPU
		{86A26A6A-AA80-43F9-8867-9C8983CF3901}.Publish|x64.ActiveCfg = Publish|x64
		{86A26A6A-AA80-43F9-8867-9C8983CF3901}.Publish|x64.Build.0 = Publish|x64
		{86A26A6A-AA80-43F9-8867-9C8983CF3901}.Publish|x86.ActiveCfg = Publish|x86
		{86A26A6A-AA80-43F9-8867-9C8983CF3901}.Publish|x86.Build.0 = Publish|x86
		{86A26A6A-AA80-43F9-8867-9C8983CF3901}.PublishOnLocal|Any CPU.ActiveCfg = Publish|Any CPU
		{86A26A6A-AA80-43F9-8867-9C8983CF3901}.PublishOnLocal|Any CPU.Build.0 = Publish|Any CPU
		{86A26A6A-AA80-43F9-8867-9C8983CF3901}.PublishOnLocal|x64.ActiveCfg = Publish|x64
		{86A26A6A-AA80-43F9-8867-9C8983CF3901}.PublishOnLocal|x64.Build.0 = Publish|x64
		{86A26A6A-AA80-43F9-8867-9C8983CF3901}.PublishOnLocal|x86.ActiveCfg = Publish|x86
		{86A26A6A-AA80-43F9-8867-9C8983CF3901}.PublishOnLocal|x86.Build.0 = Publish|x86
		{86A26A6A-AA80-43F9-8867-9C8983CF3901}.Release|Any CPU.ActiveCfg = Release|Any CPU
		{86A26A6A-AA80-43F9-8867-9C8983CF3901}.Release|Any CPU.Build.0 = Release|Any CPU
		{86A26A6A-AA80-43F9-8867-9C8983CF3901}.Release|x64.ActiveCfg = Release|x64
		{86A26A6A-AA80-43F9-8867-9C8983CF3901}.Release|x64.Build.0 = Release|x64
		{86A26A6A-AA80-43F9-8867-9C8983CF3901}.Release|x86.ActiveCfg = Release|x86
		{86A26A6A-AA80-43F9-8867-9C8983CF3901}.Release|x86.Build.0 = Release|x86
	EndGlobalSection
	GlobalSection(SolutionProperties) = preSolution
		HideSolutionNode = FALSE
	EndGlobalSection
	GlobalSection(ExtensibilityGlobals) = postSolution
		SolutionGuid = {2CC28691-C86F-416B-8353-7CFE5495F384}
	EndGlobalSection
EndGlobal
